Thu Apr 7 00:00:02 +08 2022 ------------------------------
BF3B78329ECCD049E04E248DD82417CE9A2BCACA021CDA858AFFD04E513ABE87;b'Windows MetaStealer Malware Report' https://isc.sans.edu/diary/rss/28522
71E54B829631B93ADC102824A4D3F99C804581EAD8058B684DF25F1C9039B738;b'Windows MetaStealer Malware Report' https://isc.sans.edu/diary/rss/28522
7641AE596B53C5DE724101BD6DF35C999C9616D93503BCE0FFD30B1C0D041E3B;b'Windows MetaStealer Malware Report' https://isc.sans.edu/diary/rss/28522
81E77FB911C38AE18C268178492224FAB7855DD6F78728FFEDFFF6B62D1279DC;b'Windows MetaStealer Malware Report' https://isc.sans.edu/diary/rss/28522
8CFA23B5F47EE072D894EE98B1522E3B8ACC84A6E9654B71F50536E74A3579A5;b'Windows MetaStealer Malware Report' https://isc.sans.edu/diary/rss/28522
981247F5F23421E9ED736DD462801919FEA2B60594A6CA0B6400DED463723A5E;b'Windows MetaStealer Malware Report' https://isc.sans.edu/diary/rss/28522
CB6254808D1685977499A75ED2C0F18B44D15720C480FB407035F3804016ED89;b'Windows MetaStealer Malware Report' https://isc.sans.edu/diary/rss/28522
F644BEF519FC0243633D13F18C97C96D76B95B6F2CBAD2A2507FB8177B7E4D1D;b'Windows MetaStealer Malware Report' https://isc.sans.edu/diary/rss/28522
D1D8902B499B5938404F8CECE2918D3D;b'FIN7 Power Hour: Adversary Archaeology and the Evolution of FIN7' https://www.mandiant.com/resources/evolution-of-fin7
D405909FD2FD021372444B7B36A3B806;b'FIN7 Power Hour: Adversary Archaeology and the Evolution of FIN7' https://www.mandiant.com/resources/evolution-of-fin7
012E7B4D6B5CB8D46771852C66C71D6D;b'FIN7 Power Hour: Adversary Archaeology and the Evolution of FIN7' https://www.mandiant.com/resources/evolution-of-fin7
1C3B19163A3B15B39AE00BBE131B499A;b'FIN7 Power Hour: Adversary Archaeology and the Evolution of FIN7' https://www.mandiant.com/resources/evolution-of-fin7
230A681EBBCDBA7AE2175F159394D044;b'FIN7 Power Hour: Adversary Archaeology and the Evolution of FIN7' https://www.mandiant.com/resources/evolution-of-fin7
485B2A920F3B5AE7CFAD93A4120EC20D;b'FIN7 Power Hour: Adversary Archaeology and the Evolution of FIN7' https://www.mandiant.com/resources/evolution-of-fin7
AB29B9E225A05BD17E919E1D0587289E;b'FIN7 Power Hour: Adversary Archaeology and the Evolution of FIN7' https://www.mandiant.com/resources/evolution-of-fin7
BF41FC54F96D0106D34F1C48827006E4;b'FIN7 Power Hour: Adversary Archaeology and the Evolution of FIN7' https://www.mandiant.com/resources/evolution-of-fin7
E0EACD72AFE39DE3B327A164F9C69A78C9C0F672D3AD202271772D816DB4FAD8;b'Complete dissection of an APK with a suspicious C2 Server' https://lab52.io/blog/complete-dissection-of-an-apk-with-a-suspicious-c2-server/
51AB555404B7215AF887DF3146EAD5E44603BE9765D39C533C21B5737A88F176;b'Complete dissection of an APK with a suspicious C2 Server' https://lab52.io/blog/complete-dissection-of-an-apk-with-a-suspicious-c2-server/
2ADEF8C6699B0791A7636E8071E434FA;b'State-sponsored Attack Groups Capitalise on Russia-Ukraine War for Cyber Espionage' https://research.checkpoint.com/2022/state-sponsored-attack-groups-capitalise-on
13814A190F61B36AFF24D6AA1DE56FE2;b'State-sponsored Attack Groups Capitalise on Russia-Ukraine War for Cyber Espionage' https://research.checkpoint.com/2022/state-sponsored-attack-groups-capitalise-on
D79687676D2D152AEC4143C852BDBC4A;b'State-sponsored Attack Groups Capitalise on Russia-Ukraine War for Cyber Espionage' https://research.checkpoint.com/2022/state-sponsored-attack-groups-capitalise-on
8B01DEC07856A67DB0E0D849BC84FD9E;b'State-sponsored Attack Groups Capitalise on Russia-Ukraine War for Cyber Espionage' https://research.checkpoint.com/2022/state-sponsored-attack-groups-capitalise-on
08FD3F4CDCB6E4C3CB28935C41781E5FE84BF0C6;b'State-sponsored Attack Groups Capitalise on Russia-Ukraine War for Cyber Espionage' https://research.checkpoint.com/2022/state-sponsored-attack-groups-capitalise-on
