130DAACFF74D57BB2319FC5CF815E783C6505883F69E4ADCD4C2B1CAC3E598CE
207E66A3B0F1ABFD4721F1B3E9FED8AC89BE51E1EC13DD407B4E08FAD52113E3
D12582262C06D6E0F68C62C891F469D819E18E0498FA2E9D277981F25EEE93A1
47B12169EB9933B8481327A9775D1EFD4FA077881F023892938056FF06E4F2B4
4AC3836414A384AEE4C68E60ECA54A848C8727A9E548DE2B7AB76ECBD520107A
8F79333F2CC38D2259AF81B6D0FBFB0731F1E3442C187B19A6538D0E7DAF85DF
C94D6649FE5C879AC2E4CCB313958736AC4C86F217C3A68C799F9641B6AC9F2A
179D18AD80B718D861EA0B4B06AD885E0A7760051497DB6EB87315F92DD24B53
6543180BA4E195B4F80399AAE593EB7554588B61E651FCE81B91FEFA56BAEC30
7A3D7F1DC1E5D42E278785149A382651C70A8F967A153E1960CFFFF5F92EAA33
9D0C2E8D0E2430C3E67B2677CAFF136E562570DA162A371E9CFA6602C70B03BB
A1859CE1575AB08B6C3DC2731CEF31E358DD3CCFC7D6FEBACCB6A730BC1D58C0
B3C811595A0EDBED9524A1A71EE9292C19792370C99F856F765A39F80A437418
C2DBAAFCCFB8C9121904629C1B643B99DFA934A2EC9F4BD8754BA3CAD38B9A90
113BE1F9DB8AF2469B82CE1B5D1B0C61C50586567B3898F2B8A614CD6E8F47A8
1BD895ED050CE42D0F39B6BAA0B6A454E05EB5BFF72290857CB8FB77A9E4B4B9
23B03AA7D1DADD2E71016702F3E1B278B3A2C4F0C7D0CDC272774A428B88D09C
265396023CBBAD6B3480B851873ECE9FA2F32C63739A7A0AC32D196843080CC8
3C978E02D21C7C12631D56C41ACEB305FC11348A53EED47E29F7CE62EA0DA4DF
4832CFF5666433A784D6BA48A0E400367D25314EF15D08A216B6286226EFF342
57F50F34E6DF8EE9006E46B5FE5C4EE11FEBE9E33B087C809F1384563E9F1D4E
66ADEA50E0DE8E1D664BB18C9F80596D1443B90E9BA57A59425720886A0C97E0
6B463E9F5D9E8EDBC235BCEB854367B26ED6EFFB0DEE9881A4F4E88A967318D5
71CA57BBBA49AA877F7DED340328342C6E82E3A99720734C8B0DE150D44D906C
7A47E5B83E3C42DF2AB72ADF4A041B2E382F61A0FF378F593156353A78C2C702
83566400BDB09C5E2438C0D9FF723C88328CA93F29E648F97088342E239BFA09
8D390AD5AF8D70692BDA123B96E9745816EC7893D84682ADB6D243619538B9D3
8EBEF715DDB0B4E973B2F8C7529F4480B5CAA9C4A25F8FD05A7EAACF036CCA20
95E4AC3AE03646CDA56D80DF80D775ED4BF23F98BE42274FB440E7BC0D03CE88
A4B16A5BF9B6E662050A3C5FF157D7B2F0BE301A1F8F5D1359170132B8B22E58
A87B502575D0DB1B6257F1CF75EDF4894BC84598F79148525B5CC449D143A495
AF9AC01E9E8CF7064D590044DF43ADCA566521D223662CF5E0E2500BADFF6998
B4C3C79D148DB638F891143A1910C3D17F973C512A719B1F7525A823B14D29A8
D3928D0B6DEDCE6A083123028E50BA76E1B29666E70A96EEC1A7061B7303BF1A
D88052C0A76CAC7E571870A4E87C5354594C26B4955CD934870DC12D48F129D5
