6D2E6A61EEDE06FA9D633CE151208831
40CFEB699D239652DD4A79C18B1C7366
1A295E304BE80266A832CD648EE7DB9D
3F36BFB561DB8B56AE355DC031D3ACDD
A46AB13EBCAF10D512CB5793F052A5D3
04662666C8A97998FB1B2FCF907526E8
1454D4FEACDD503C0542F70F44A8EDC1
1F3A2E8058411CC04F474A68501B3045
23D4CFCEB70D19CF5DC15EA0E8EA1ACD
B9FECF531EBD323CD25B4DBB179A8969
CD14C71626F022781CFD2192BD8B454E
44AA5DC9E3A02AF7937DA590A622AC20
FA80669685CF12DE62B4E3156B997553
43D7C626A46232FF728DCF897005E2FF
E7D0399576DA6B7175F50F3A2A3FC80A
38CFBF7A735EA8EBB83D72DA34F1CA6C
973ECC4CCA5B8F3BAD208963D12D224F
36E48E141943A67C6FDEAA84D7AF21CC
8B9F6B0C98C0AFDD75C2322F1CA4D0E8
8ACD95006AC6D1EABF37683D7CE31052
0001759655EACB4E57BDF5E49C6E7585
1FECB6EB98E8EE72BB5F006DD79C6F2F
2AAB0EC738374DB4E872812A84A0BC11
4DA2C2ABCF1DF9749B64B34160BD3EBF
58EFAF6FA04A8D7201AB19170785CE85
5DC7FBF2141F7DFE5215C94895BF959C
5DE2818CED29A1FEDB9B24C1044EBD45
70E9416833B2F933B765042F8E1EA0BC
8074F73F7742309B033676CD03EB0928
839E9E4D6289EBA53E40916283F73CA6
89C8E5A1E24F05EDE53B1CAB721C53D8
8AE40C8418B2C36B58D2A43153544DDD
E41826B342686C7F879474C49C7EED98
68624C0BCAAA94FB8A2ADC008F0702EE
