F764163F3912376EBCABAF1CF3A60B6BC74561BE
EBF199532F0B433419BC33A8DA65AB8CCACF7CD6
055C994B6692CA0089503BE94CAD8860F6545AC9
21490CB65A07BD2E0401233E91D13D0A42F925BF
5AE6385B73A2D19A234E4324B2EF869FCC02968A
5D2ACE346FEE26E8EACB907F0279D222579FD811
63F074D52A6A6E2492BCF1DE5FEE12CCD75E157D
66CA178A7F66EA0B69ABD5C9645267F46948E95E
8B9D82882288ADC86F58154ED5B2CEB5B626CE66
8C37B22E42ED940324AE92EA66BFA49F2D5BDD8D
982DF98A04EC484005EAB09171CF5BA727666BFD
E46B21DDBB8CBB5286367BE3B92D3720097E6BC3
E9812FFAB193F4B7F07CF00352D07F76437C7304
5A05D1DA86DEB2B13BC024A0FBD7B7299302DD18
B93BD890B1818A0E675C75D9C13D8429E60950CB
8B07FA4B09D048D8FA45555747697994C3582642
92034C256BC33969E5C2344BBD0C451887DA0501
42A8D43439AF3684C8CC877B2D36F388961B318B
E3E9E4D1AA7588AFB8D24B215E1E61B0DE4B8E27
