Thu Mar 24 00:00:02 +08 2022
/home/Alienvault_hash/alienvault_ioc/24032022_0000_alienv_md5_ioc
Match found result show below (if any) :

/home/Alienvault_hash/alienvault_ioc/24032022_0000_alienv_sha1_ioc
Match found result show below (if any) :

/home/t6839299/Alienvault_hash/alienvault_ioc/24032022_0000_alienv_sha256_ioc
Match found result show below (if any) :

--------------------------------------------

Thu Apr  7 00:00:03 +08 2022
/home/Alienvault_hash/alienvault_ioc/07042022_0000_alienv_md5.ioc
Match found result show below (if any) :

/home/Alienvault_hash/alienvault_ioc/07042022_0000_alienv_sha256.ioc
Match found result show below (if any) :

/home/Alienvault_hash/alienvault_ioc/07042022_0000_alienv_sha1.ioc
Match found result show below (if any) :

--------------------------------------------
